PODS:
  - PureLayout (2.0.6)
  - SDWebImage (3.7.2):
    - SDWebImage/Core (= 3.7.2)
  - SDWebImage/Core (3.7.2)
  - UIActivityIndicator-for-SDWebImage (1.2):
    - SDWebImage (~> 3.7)

DEPENDENCIES:
  - PureLayout
  - SDWebImage (= 3.7.2)
  - UIActivityIndicator-for-SDWebImage

SPEC CHECKSUMS:
  PureLayout: f25f0bb904d5ccfe6e31da3cb869185259f02e0d
  SDWebImage: 71b7cdc1d1721d6a82ed62889030225f2c249e29
  UIActivityIndicator-for-SDWebImage: 7bf7ebbf0ed1747dedc0d6e949c4603a6d0f9e0c

COCOAPODS: 0.35.0
